// !$*UTF8*$!
{
	archiveVersion = 1;
	classes = {
	};
	objectVersion = 55;
	objects = {

/* Begin PBXBuildFile section */
		C706B9792909A6F70099D150 /* Spent+CoreDataClass.swift in Sources */ = {isa = PBXBuildFile; fileRef = C706B9772909A6F70099D150 /* Spent+CoreDataClass.swift */; };
		C706B97A2909A6F70099D150 /* Spent+CoreDataProperties.swift in Sources */ = {isa = PBXBuildFile; fileRef = C706B9782909A6F70099D150 /* Spent+CoreDataProperties.swift */; };
		C706B982290AA9790099D150 /* SpentTableViewCell.swift in Sources */ = {isa = PBXBuildFile; fileRef = C706B981290AA9790099D150 /* SpentTableViewCell.swift */; };
		C768656B2928CD8800A84FD9 /* StringExtension.swift in Sources */ = {isa = PBXBuildFile; fileRef = C768656A2928CD8800A84FD9 /* StringExtension.swift */; };
		C77B2A41292799000001BD14 /* Charts in Frameworks */ = {isa = PBXBuildFile; productRef = C77B2A40292799000001BD14 /* Charts */; };
		C77B2A472928CBEE0001BD14 /* IntegerExtension.swift in Sources */ = {isa = PBXBuildFile; fileRef = C77B2A462928CBEE0001BD14 /* IntegerExtension.swift */; };
		C78AFD2F292BF13A00C175B3 /* AddSpentViewController.swift in Sources */ = {isa = PBXBuildFile; fileRef = C78AFD2E292BF13A00C175B3 /* AddSpentViewController.swift */; };
		C78AFD31292BF3D100C175B3 /* AddSpentPresenter.swift in Sources */ = {isa = PBXBuildFile; fileRef = C78AFD30292BF3D100C175B3 /* AddSpentPresenter.swift */; };
		C79337F82902C50500251635 /* AppDelegate.swift in Sources */ = {isa = PBXBuildFile; fileRef = C79337F72902C50500251635 /* AppDelegate.swift */; };
		C79337FA2902C50500251635 /* SceneDelegate.swift in Sources */ = {isa = PBXBuildFile; fileRef = C79337F92902C50500251635 /* SceneDelegate.swift */; };
		C79337FC2902C50500251635 /* BackViewController.swift in Sources */ = {isa = PBXBuildFile; fileRef = C79337FB2902C50500251635 /* BackViewController.swift */; };
		C79338022902C50500251635 /* SimpleMoneyKeeper.xcdatamodeld in Sources */ = {isa = PBXBuildFile; fileRef = C79338002902C50500251635 /* SimpleMoneyKeeper.xcdatamodeld */; };
		C79338042902C50600251635 /* Assets.xcassets in Resources */ = {isa = PBXBuildFile; fileRef = C79338032902C50600251635 /* Assets.xcassets */; };
		C79338072902C50600251635 /* LaunchScreen.storyboard in Resources */ = {isa = PBXBuildFile; fileRef = C79338052902C50600251635 /* LaunchScreen.storyboard */; };
		C79338182904687000251635 /* FrontViewController.swift in Sources */ = {isa = PBXBuildFile; fileRef = C79338172904687000251635 /* FrontViewController.swift */; };
		C793381E29068E4900251635 /* AddViewController.swift in Sources */ = {isa = PBXBuildFile; fileRef = C793381D29068E4900251635 /* AddViewController.swift */; };
		C7933822290707BB00251635 /* DataStoreManager.swift in Sources */ = {isa = PBXBuildFile; fileRef = C7933821290707BB00251635 /* DataStoreManager.swift */; };
		C7933824290708EE00251635 /* Colors.swift in Sources */ = {isa = PBXBuildFile; fileRef = C7933823290708EE00251635 /* Colors.swift */; };
		C7B38D20291BB0DB0041A4CD /* MainPresenter.swift in Sources */ = {isa = PBXBuildFile; fileRef = C7B38D1F291BB0DB0041A4CD /* MainPresenter.swift */; };
		C7B38D2429228B360041A4CD /* DateExtension.swift in Sources */ = {isa = PBXBuildFile; fileRef = C7B38D2329228B360041A4CD /* DateExtension.swift */; };
		C7E2FA5C2915B84F00359040 /* DateAndChartCollectionViewCollectionViewCell.swift in Sources */ = {isa = PBXBuildFile; fileRef = C7E2FA5B2915B84F00359040 /* DateAndChartCollectionViewCollectionViewCell.swift */; };
/* End PBXBuildFile section */

/* Begin PBXFileReference section */
		C706B9772909A6F70099D150 /* Spent+CoreDataClass.swift */ = {isa = PBXFileReference; lastKnownFileType = sourcecode.swift; path = "Spent+CoreDataClass.swift"; sourceTree = "<group>"; };
		C706B9782909A6F70099D150 /* Spent+CoreDataProperties.swift */ = {isa = PBXFileReference; lastKnownFileType = sourcecode.swift; path = "Spent+CoreDataProperties.swift"; sourceTree = "<group>"; };
		C706B981290AA9790099D150 /* SpentTableViewCell.swift */ = {isa = PBXFileReference; lastKnownFileType = sourcecode.swift; path = SpentTableViewCell.swift; sourceTree = "<group>"; };
		C768656A2928CD8800A84FD9 /* StringExtension.swift */ = {isa = PBXFileReference; lastKnownFileType = sourcecode.swift; path = StringExtension.swift; sourceTree = "<group>"; };
		C77B2A462928CBEE0001BD14 /* IntegerExtension.swift */ = {isa = PBXFileReference; lastKnownFileType = sourcecode.swift; path = IntegerExtension.swift; sourceTree = "<group>"; };
		C78AFD2E292BF13A00C175B3 /* AddSpentViewController.swift */ = {isa = PBXFileReference; lastKnownFileType = sourcecode.swift; path = AddSpentViewController.swift; sourceTree = "<group>"; };
		C78AFD30292BF3D100C175B3 /* AddSpentPresenter.swift */ = {isa = PBXFileReference; lastKnownFileType = sourcecode.swift; path = AddSpentPresenter.swift; sourceTree = "<group>"; };
		C79337F42902C50500251635 /* SimpleMoneyKeeper.app */ = {isa = PBXFileReference; explicitFileType = wrapper.application; includeInIndex = 0; path = SimpleMoneyKeeper.app; sourceTree = BUILT_PRODUCTS_DIR; };
		C79337F72902C50500251635 /* AppDelegate.swift */ = {isa = PBXFileReference; lastKnownFileType = sourcecode.swift; path = AppDelegate.swift; sourceTree = "<group>"; };
		C79337F92902C50500251635 /* SceneDelegate.swift */ = {isa = PBXFileReference; lastKnownFileType = sourcecode.swift; path = SceneDelegate.swift; sourceTree = "<group>"; };
		C79337FB2902C50500251635 /* BackViewController.swift */ = {isa = PBXFileReference; lastKnownFileType = sourcecode.swift; path = BackViewController.swift; sourceTree = "<group>"; };
		C79338012902C50500251635 /* SimpleMoneyKeeper.xcdatamodel */ = {isa = PBXFileReference; lastKnownFileType = wrapper.xcdatamodel; path = SimpleMoneyKeeper.xcdatamodel; sourceTree = "<group>"; };
		C79338032902C50600251635 /* Assets.xcassets */ = {isa = PBXFileReference; lastKnownFileType = folder.assetcatalog; path = Assets.xcassets; sourceTree = "<group>"; };
		C79338062902C50600251635 /* Base */ = {isa = PBXFileReference; lastKnownFileType = file.storyboard; name = Base; path = Base.lproj/LaunchScreen.storyboard; sourceTree = "<group>"; };
		C79338082902C50600251635 /* Info.plist */ = {isa = PBXFileReference; lastKnownFileType = text.plist.xml; path = Info.plist; sourceTree = "<group>"; };
		C793380F2902C6F600251635 /* ru */ = {isa = PBXFileReference; lastKnownFileType = text.plist.strings; name = ru; path = ru.lproj/LaunchScreen.strings; sourceTree = "<group>"; };
		C79338172904687000251635 /* FrontViewController.swift */ = {isa = PBXFileReference; lastKnownFileType = sourcecode.swift; path = FrontViewController.swift; sourceTree = "<group>"; };
		C793381D29068E4900251635 /* AddViewController.swift */ = {isa = PBXFileReference; lastKnownFileType = sourcecode.swift; path = AddViewController.swift; sourceTree = "<group>"; };
		C7933821290707BB00251635 /* DataStoreManager.swift */ = {isa = PBXFileReference; lastKnownFileType = sourcecode.swift; path = DataStoreManager.swift; sourceTree = "<group>"; };
		C7933823290708EE00251635 /* Colors.swift */ = {isa = PBXFileReference; lastKnownFileType = sourcecode.swift; path = Colors.swift; sourceTree = "<group>"; };
		C7B38D1F291BB0DB0041A4CD /* MainPresenter.swift */ = {isa = PBXFileReference; lastKnownFileType = sourcecode.swift; path = MainPresenter.swift; sourceTree = "<group>"; };
		C7B38D2329228B360041A4CD /* DateExtension.swift */ = {isa = PBXFileReference; lastKnownFileType = sourcecode.swift; path = DateExtension.swift; sourceTree = "<group>"; };
		C7E2FA5B2915B84F00359040 /* DateAndChartCollectionViewCollectionViewCell.swift */ = {isa = PBXFileReference; lastKnownFileType = sourcecode.swift; path = DateAndChartCollectionViewCollectionViewCell.swift; sourceTree = "<group>"; };
/* End PBXFileReference section */

/* Begin PBXFrameworksBuildPhase section */
		C79337F12902C50500251635 /* Frameworks */ = {
			isa = PBXFrameworksBuildPhase;
			buildActionMask = 2147483647;
			files = (
				C77B2A41292799000001BD14 /* Charts in Frameworks */,
			);
			runOnlyForDeploymentPostprocessing = 0;
		};
/* End PBXFrameworksBuildPhase section */

/* Begin PBXGroup section */
		C706B9722909A5B00099D150 /* CoreData Models */ = {
			isa = PBXGroup;
			children = (
				C706B9772909A6F70099D150 /* Spent+CoreDataClass.swift */,
				C706B9782909A6F70099D150 /* Spent+CoreDataProperties.swift */,
			);
			path = "CoreData Models";
			sourceTree = "<group>";
		};
		C78AFD29292BF0DD00C175B3 /* Add Spent Module */ = {
			isa = PBXGroup;
			children = (
				C78AFD2D292BF10B00C175B3 /* Model */,
				C78AFD2C292BF10500C175B3 /* View */,
				C78AFD2A292BF0F700C175B3 /* Presenter */,
			);
			path = "Add Spent Module";
			sourceTree = "<group>";
		};
		C78AFD2A292BF0F700C175B3 /* Presenter */ = {
			isa = PBXGroup;
			children = (
				C78AFD30292BF3D100C175B3 /* AddSpentPresenter.swift */,
			);
			path = Presenter;
			sourceTree = "<group>";
		};
		C78AFD2C292BF10500C175B3 /* View */ = {
			isa = PBXGroup;
			children = (
				C78AFD2E292BF13A00C175B3 /* AddSpentViewController.swift */,
			);
			path = View;
			sourceTree = "<group>";
		};
		C78AFD2D292BF10B00C175B3 /* Model */ = {
			isa = PBXGroup;
			children = (
			);
			path = Model;
			sourceTree = "<group>";
		};
		C79337EB2902C50500251635 = {
			isa = PBXGroup;
			children = (
				C79337F62902C50500251635 /* SimpleMoneyKeeper */,
				C79337F52902C50500251635 /* Products */,
			);
			sourceTree = "<group>";
		};
		C79337F52902C50500251635 /* Products */ = {
			isa = PBXGroup;
			children = (
				C79337F42902C50500251635 /* SimpleMoneyKeeper.app */,
			);
			name = Products;
			sourceTree = "<group>";
		};
		C79337F62902C50500251635 /* SimpleMoneyKeeper */ = {
			isa = PBXGroup;
			children = (
				C706B9722909A5B00099D150 /* CoreData Models */,
				C7933819290686EE00251635 /* AddNewSpent Module */,
				C79338132904683D00251635 /* Main Module */,
				C78AFD29292BF0DD00C175B3 /* Add Spent Module */,
				C79338122904661600251635 /* Service Layer */,
				C79338112904660E00251635 /* Constants */,
				C79338102904660700251635 /* Extensions */,
				C79337F72902C50500251635 /* AppDelegate.swift */,
				C79337F92902C50500251635 /* SceneDelegate.swift */,
				C79338032902C50600251635 /* Assets.xcassets */,
				C79338052902C50600251635 /* LaunchScreen.storyboard */,
				C79338082902C50600251635 /* Info.plist */,
				C79338002902C50500251635 /* SimpleMoneyKeeper.xcdatamodeld */,
			);
			path = SimpleMoneyKeeper;
			sourceTree = "<group>";
		};
		C79338102904660700251635 /* Extensions */ = {
			isa = PBXGroup;
			children = (
				C7B38D2329228B360041A4CD /* DateExtension.swift */,
				C77B2A462928CBEE0001BD14 /* IntegerExtension.swift */,
				C768656A2928CD8800A84FD9 /* StringExtension.swift */,
			);
			path = Extensions;
			sourceTree = "<group>";
		};
		C79338112904660E00251635 /* Constants */ = {
			isa = PBXGroup;
			children = (
				C7933823290708EE00251635 /* Colors.swift */,
			);
			path = Constants;
			sourceTree = "<group>";
		};
		C79338122904661600251635 /* Service Layer */ = {
			isa = PBXGroup;
			children = (
				C7933821290707BB00251635 /* DataStoreManager.swift */,
			);
			path = "Service Layer";
			sourceTree = "<group>";
		};
		C79338132904683D00251635 /* Main Module */ = {
			isa = PBXGroup;
			children = (
				C79338162904685700251635 /* Model */,
				C79338152904684F00251635 /* View */,
				C79338142904684600251635 /* Presenter */,
			);
			path = "Main Module";
			sourceTree = "<group>";
		};
		C79338142904684600251635 /* Presenter */ = {
			isa = PBXGroup;
			children = (
				C7B38D1F291BB0DB0041A4CD /* MainPresenter.swift */,
			);
			path = Presenter;
			sourceTree = "<group>";
		};
		C79338152904684F00251635 /* View */ = {
			isa = PBXGroup;
			children = (
				C79337FB2902C50500251635 /* BackViewController.swift */,
				C79338172904687000251635 /* FrontViewController.swift */,
				C706B981290AA9790099D150 /* SpentTableViewCell.swift */,
				C7E2FA5B2915B84F00359040 /* DateAndChartCollectionViewCollectionViewCell.swift */,
			);
			path = View;
			sourceTree = "<group>";
		};
		C79338162904685700251635 /* Model */ = {
			isa = PBXGroup;
			children = (
			);
			path = Model;
			sourceTree = "<group>";
		};
		C7933819290686EE00251635 /* AddNewSpent Module */ = {
			isa = PBXGroup;
			children = (
				C793381C2906871900251635 /* Model */,
				C793381B2906871500251635 /* View */,
				C793381A290686FD00251635 /* Presenter */,
			);
			path = "AddNewSpent Module";
			sourceTree = "<group>";
		};
		C793381A290686FD00251635 /* Presenter */ = {
			isa = PBXGroup;
			children = (
			);
			path = Presenter;
			sourceTree = "<group>";
		};
		C793381B2906871500251635 /* View */ = {
			isa = PBXGroup;
			children = (
				C793381D29068E4900251635 /* AddViewController.swift */,
			);
			path = View;
			sourceTree = "<group>";
		};
		C793381C2906871900251635 /* Model */ = {
			isa = PBXGroup;
			children = (
			);
			path = Model;
			sourceTree = "<group>";
		};
/* End PBXGroup section */

/* Begin PBXNativeTarget section */
		C79337F32902C50500251635 /* SimpleMoneyKeeper */ = {
			isa = PBXNativeTarget;
			buildConfigurationList = C793380B2902C50600251635 /* Build configuration list for PBXNativeTarget "SimpleMoneyKeeper" */;
			buildPhases = (
				C79337F02902C50500251635 /* Sources */,
				C79337F12902C50500251635 /* Frameworks */,
				C79337F22902C50500251635 /* Resources */,
			);
			buildRules = (
			);
			dependencies = (
			);
			name = SimpleMoneyKeeper;
			packageProductDependencies = (
				C77B2A40292799000001BD14 /* Charts */,
			);
			productName = SimpleMoneyKeeper;
			productReference = C79337F42902C50500251635 /* SimpleMoneyKeeper.app */;
			productType = "com.apple.product-type.application";
		};
/* End PBXNativeTarget section */

/* Begin PBXProject section */
		C79337EC2902C50500251635 /* Project object */ = {
			isa = PBXProject;
			attributes = {
				BuildIndependentTargetsInParallel = 1;
				LastSwiftUpdateCheck = 1340;
				LastUpgradeCheck = 1340;
				TargetAttributes = {
					C79337F32902C50500251635 = {
						CreatedOnToolsVersion = 13.4.1;
					};
				};
			};
			buildConfigurationList = C79337EF2902C50500251635 /* Build configuration list for PBXProject "SimpleMoneyKeeper" */;
			compatibilityVersion = "Xcode 13.0";
			developmentRegion = en;
			hasScannedForEncodings = 0;
			knownRegions = (
				en,
				Base,
				ru,
			);
			mainGroup = C79337EB2902C50500251635;
			packageReferences = (
				C77B2A3F292799000001BD14 /* XCRemoteSwiftPackageReference "Charts" */,
			);
			productRefGroup = C79337F52902C50500251635 /* Products */;
			projectDirPath = "";
			projectRoot = "";
			targets = (
				C79337F32902C50500251635 /* SimpleMoneyKeeper */,
			);
		};
/* End PBXProject section */

/* Begin PBXResourcesBuildPhase section */
		C79337F22902C50500251635 /* Resources */ = {
			isa = PBXResourcesBuildPhase;
			buildActionMask = 2147483647;
			files = (
				C79338072902C50600251635 /* LaunchScreen.storyboard in Resources */,
				C79338042902C50600251635 /* Assets.xcassets in Resources */,
			);
			runOnlyForDeploymentPostprocessing = 0;
		};
/* End PBXResourcesBuildPhase section */

/* Begin PBXSourcesBuildPhase section */
		C79337F02902C50500251635 /* Sources */ = {
			isa = PBXSourcesBuildPhase;
			buildActionMask = 2147483647;
			files = (
				C79338022902C50500251635 /* SimpleMoneyKeeper.xcdatamodeld in Sources */,
				C78AFD31292BF3D100C175B3 /* AddSpentPresenter.swift in Sources */,
				C7B38D2429228B360041A4CD /* DateExtension.swift in Sources */,
				C7933824290708EE00251635 /* Colors.swift in Sources */,
				C7E2FA5C2915B84F00359040 /* DateAndChartCollectionViewCollectionViewCell.swift in Sources */,
				C768656B2928CD8800A84FD9 /* StringExtension.swift in Sources */,
				C706B9792909A6F70099D150 /* Spent+CoreDataClass.swift in Sources */,
				C78AFD2F292BF13A00C175B3 /* AddSpentViewController.swift in Sources */,
				C706B982290AA9790099D150 /* SpentTableViewCell.swift in Sources */,
				C7B38D20291BB0DB0041A4CD /* MainPresenter.swift in Sources */,
				C79337FC2902C50500251635 /* BackViewController.swift in Sources */,
				C793381E29068E4900251635 /* AddViewController.swift in Sources */,
				C706B97A2909A6F70099D150 /* Spent+CoreDataProperties.swift in Sources */,
				C79338182904687000251635 /* FrontViewController.swift in Sources */,
				C7933822290707BB00251635 /* DataStoreManager.swift in Sources */,
				C77B2A472928CBEE0001BD14 /* IntegerExtension.swift in Sources */,
				C79337F82902C50500251635 /* AppDelegate.swift in Sources */,
				C79337FA2902C50500251635 /* SceneDelegate.swift in Sources */,
			);
			runOnlyForDeploymentPostprocessing = 0;
		};
/* End PBXSourcesBuildPhase section */

/* Begin PBXVariantGroup section */
		C79338052902C50600251635 /* LaunchScreen.storyboard */ = {
			isa = PBXVariantGroup;
			children = (
				C79338062902C50600251635 /* Base */,
				C793380F2902C6F600251635 /* ru */,
			);
			name = LaunchScreen.storyboard;
			sourceTree = "<group>";
		};
/* End PBXVariantGroup section */

/* Begin XCBuildConfiguration section */
		C79338092902C50600251635 /* Debug */ = {
			isa = XCBuildConfiguration;
			buildSettings = {
				ALWAYS_SEARCH_USER_PATHS = NO;
				CLANG_ANALYZER_LOCALIZABILITY_NONLOCALIZED = YES;
				CLANG_ANALYZER_NONNULL = YES;
				CLANG_ANALYZER_NUMBER_OBJECT_CONVERSION = YES_AGGRESSIVE;
				CLANG_CXX_LANGUAGE_STANDARD = "gnu++17";
				CLANG_ENABLE_MODULES = YES;
				CLANG_ENABLE_OBJC_ARC = YES;
				CLANG_ENABLE_OBJC_WEAK = YES;
				CLANG_WARN_BLOCK_CAPTURE_AUTORELEASING = YES;
				CLANG_WARN_BOOL_CONVERSION = YES;
				CLANG_WARN_COMMA = YES;
				CLANG_WARN_CONSTANT_CONVERSION = YES;
				CLANG_WARN_DEPRECATED_OBJC_IMPLEMENTATIONS = YES;
				CLANG_WARN_DIRECT_OBJC_ISA_USAGE = YES_ERROR;
				CLANG_WARN_DOCUMENTATION_COMMENTS = YES;
				CLANG_WARN_EMPTY_BODY = YES;
				CLANG_WARN_ENUM_CONVERSION = YES;
				CLANG_WARN_INFINITE_RECURSION = YES;
				CLANG_WARN_INT_CONVERSION = YES;
				CLANG_WARN_NON_LITERAL_NULL_CONVERSION = YES;
				CLANG_WARN_OBJC_IMPLICIT_RETAIN_SELF = YES;
				CLANG_WARN_OBJC_LITERAL_CONVERSION = YES;
				CLANG_WARN_OBJC_ROOT_CLASS = YES_ERROR;
				CLANG_WARN_QUOTED_INCLUDE_IN_FRAMEWORK_HEADER = YES;
				CLANG_WARN_RANGE_LOOP_ANALYSIS = YES;
				CLANG_WARN_STRICT_PROTOTYPES = YES;
				CLANG_WARN_SUSPICIOUS_MOVE = YES;
				CLANG_WARN_UNGUARDED_AVAILABILITY = YES_AGGRESSIVE;
				CLANG_WARN_UNREACHABLE_CODE = YES;
				CLANG_WARN__DUPLICATE_METHOD_MATCH = YES;
				COPY_PHASE_STRIP = NO;
				DEBUG_INFORMATION_FORMAT = dwarf;
				ENABLE_STRICT_OBJC_MSGSEND = YES;
				ENABLE_TESTABILITY = YES;
				GCC_C_LANGUAGE_STANDARD = gnu11;
				GCC_DYNAMIC_NO_PIC = NO;
				GCC_NO_COMMON_BLOCKS = YES;
				GCC_OPTIMIZATION_LEVEL = 0;
				GCC_PREPROCESSOR_DEFINITIONS = (
					"DEBUG=1",
					"$(inherited)",
				);
				GCC_WARN_64_TO_32_BIT_CONVERSION = YES;
				GCC_WARN_ABOUT_RETURN_TYPE = YES_ERROR;
				GCC_WARN_UNDECLARED_SELECTOR = YES;
				GCC_WARN_UNINITIALIZED_AUTOS = YES_AGGRESSIVE;
				GCC_WARN_UNUSED_FUNCTION = YES;
				GCC_WARN_UNUSED_VARIABLE = YES;
				IPHONEOS_DEPLOYMENT_TARGET = 15.0;
				MTL_ENABLE_DEBUG_INFO = INCLUDE_SOURCE;
				MTL_FAST_MATH = YES;
				ONLY_ACTIVE_ARCH = YES;
				SDKROOT = iphoneos;
				SWIFT_ACTIVE_COMPILATION_CONDITIONS = DEBUG;
				SWIFT_OPTIMIZATION_LEVEL = "-Onone";
			};
			name = Debug;
		};
		C793380A2902C50600251635 /* Release */ = {
			isa = XCBuildConfiguration;
			buildSettings = {
				ALWAYS_SEARCH_USER_PATHS = NO;
				CLANG_ANALYZER_LOCALIZABILITY_NONLOCALIZED = YES;
				CLANG_ANALYZER_NONNULL = YES;
				CLANG_ANALYZER_NUMBER_OBJECT_CONVERSION = YES_AGGRESSIVE;
				CLANG_CXX_LANGUAGE_STANDARD = "gnu++17";
				CLANG_ENABLE_MODULES = YES;
				CLANG_ENABLE_OBJC_ARC = YES;
				CLANG_ENABLE_OBJC_WEAK = YES;
				CLANG_WARN_BLOCK_CAPTURE_AUTORELEASING = YES;
				CLANG_WARN_BOOL_CONVERSION = YES;
				CLANG_WARN_COMMA = YES;
				CLANG_WARN_CONSTANT_CONVERSION = YES;
				CLANG_WARN_DEPRECATED_OBJC_IMPLEMENTATIONS = YES;
				CLANG_WARN_DIRECT_OBJC_ISA_USAGE = YES_ERROR;
				CLANG_WARN_DOCUMENTATION_COMMENTS = YES;
				CLANG_WARN_EMPTY_BODY = YES;
				CLANG_WARN_ENUM_CONVERSION = YES;
				CLANG_WARN_INFINITE_RECURSION = YES;
				CLANG_WARN_INT_CONVERSION = YES;
				CLANG_WARN_NON_LITERAL_NULL_CONVERSION = YES;
				CLANG_WARN_OBJC_IMPLICIT_RETAIN_SELF = YES;
				CLANG_WARN_OBJC_LITERAL_CONVERSION = YES;
				CLANG_WARN_OBJC_ROOT_CLASS = YES_ERROR;
				CLANG_WARN_QUOTED_INCLUDE_IN_FRAMEWORK_HEADER = YES;
				CLANG_WARN_RANGE_LOOP_ANALYSIS = YES;
				CLANG_WARN_STRICT_PROTOTYPES = YES;
				CLANG_WARN_SUSPICIOUS_MOVE = YES;
				CLANG_WARN_UNGUARDED_AVAILABILITY = YES_AGGRESSIVE;
				CLANG_WARN_UNREACHABLE_CODE = YES;
				CLANG_WARN__DUPLICATE_METHOD_MATCH = YES;
				COPY_PHASE_STRIP = NO;
				DEBUG_INFORMATION_FORMAT = "dwarf-with-dsym";
				ENABLE_NS_ASSERTIONS = NO;
				ENABLE_STRICT_OBJC_MSGSEND = YES;
				GCC_C_LANGUAGE_STANDARD = gnu11;
				GCC_NO_COMMON_BLOCKS = YES;
				GCC_WARN_64_TO_32_BIT_CONVERSION = YES;
				GCC_WARN_ABOUT_RETURN_TYPE = YES_ERROR;
				GCC_WARN_UNDECLARED_SELECTOR = YES;
				GCC_WARN_UNINITIALIZED_AUTOS = YES_AGGRESSIVE;
				GCC_WARN_UNUSED_FUNCTION = YES;
				GCC_WARN_UNUSED_VARIABLE = YES;
				IPHONEOS_DEPLOYMENT_TARGET = 15.0;
				MTL_ENABLE_DEBUG_INFO = NO;
				MTL_FAST_MATH = YES;
				SDKROOT = iphoneos;
				SWIFT_COMPILATION_MODE = wholemodule;
				SWIFT_OPTIMIZATION_LEVEL = "-O";
				VALIDATE_PRODUCT = YES;
			};
			name = Release;
		};
		C793380C2902C50600251635 /* Debug */ = {
			isa = XCBuildConfiguration;
			buildSettings = {
				ASSETCATALOG_COMPILER_APPICON_NAME = AppIcon;
				ASSETCATALOG_COMPILER_GLOBAL_ACCENT_COLOR_NAME = AccentColor;
				CODE_SIGN_STYLE = Automatic;
				CURRENT_PROJECT_VERSION = 1;
				DEVELOPMENT_TEAM = PNS3V7H8RX;
				GENERATE_INFOPLIST_FILE = YES;
				INFOPLIST_FILE = SimpleMoneyKeeper/Info.plist;
				INFOPLIST_KEY_UIApplicationSupportsIndirectInputEvents = YES;
				INFOPLIST_KEY_UILaunchStoryboardName = LaunchScreen;
				INFOPLIST_KEY_UISupportedInterfaceOrientations = UIInterfaceOrientationPortrait;
				INFOPLIST_KEY_UISupportedInterfaceOrientations_iPad = "UIInterfaceOrientationPortrait UIInterfaceOrientationPortraitUpsideDown UIInterfaceOrientationLandscapeLeft UIInterfaceOrientationLandscapeRight";
				INFOPLIST_KEY_UISupportedInterfaceOrientations_iPhone = UIInterfaceOrientationPortrait;
				LD_RUNPATH_SEARCH_PATHS = (
					"$(inherited)",
					"@executable_path/Frameworks",
				);
				MARKETING_VERSION = 0.1.0;
				PRODUCT_BUNDLE_IDENTIFIER = ru.RomanBelov.SimpleMoneyKeeper;
				PRODUCT_NAME = "$(TARGET_NAME)";
				SWIFT_EMIT_LOC_STRINGS = YES;
				SWIFT_VERSION = 5.0;
				TARGETED_DEVICE_FAMILY = 1;
			};
			name = Debug;
		};
		C793380D2902C50600251635 /* Release */ = {
			isa = XCBuildConfiguration;
			buildSettings = {
				ASSETCATALOG_COMPILER_APPICON_NAME = AppIcon;
				ASSETCATALOG_COMPILER_GLOBAL_ACCENT_COLOR_NAME = AccentColor;
				CODE_SIGN_STYLE = Automatic;
				CURRENT_PROJECT_VERSION = 1;
				DEVELOPMENT_TEAM = PNS3V7H8RX;
				GENERATE_INFOPLIST_FILE = YES;
				INFOPLIST_FILE = SimpleMoneyKeeper/Info.plist;
				INFOPLIST_KEY_UIApplicationSupportsIndirectInputEvents = YES;
				INFOPLIST_KEY_UILaunchStoryboardName = LaunchScreen;
				INFOPLIST_KEY_UISupportedInterfaceOrientations = UIInterfaceOrientationPortrait;
				INFOPLIST_KEY_UISupportedInterfaceOrientations_iPad = "UIInterfaceOrientationPortrait UIInterfaceOrientationPortraitUpsideDown UIInterfaceOrientationLandscapeLeft UIInterfaceOrientationLandscapeRight";
				INFOPLIST_KEY_UISupportedInterfaceOrientations_iPhone = UIInterfaceOrientationPortrait;
				LD_RUNPATH_SEARCH_PATHS = (
					"$(inherited)",
					"@executable_path/Frameworks",
				);
				MARKETING_VERSION = 0.1.0;
				PRODUCT_BUNDLE_IDENTIFIER = ru.RomanBelov.SimpleMoneyKeeper;
				PRODUCT_NAME = "$(TARGET_NAME)";
				SWIFT_EMIT_LOC_STRINGS = YES;
				SWIFT_VERSION = 5.0;
				TARGETED_DEVICE_FAMILY = 1;
			};
			name = Release;
		};
/* End XCBuildConfiguration section */

/* Begin XCConfigurationList section */
		C79337EF2902C50500251635 /* Build configuration list for PBXProject "SimpleMoneyKeeper" */ = {
			isa = XCConfigurationList;
			buildConfigurations = (
				C79338092902C50600251635 /* Debug */,
				C793380A2902C50600251635 /* Release */,
			);
			defaultConfigurationIsVisible = 0;
			defaultConfigurationName = Release;
		};
		C793380B2902C50600251635 /* Build configuration list for PBXNativeTarget "SimpleMoneyKeeper" */ = {
			isa = XCConfigurationList;
			buildConfigurations = (
				C793380C2902C50600251635 /* Debug */,
				C793380D2902C50600251635 /* Release */,
			);
			defaultConfigurationIsVisible = 0;
			defaultConfigurationName = Release;
		};
/* End XCConfigurationList section */

/* Begin XCRemoteSwiftPackageReference section */
		C77B2A3F292799000001BD14 /* XCRemoteSwiftPackageReference "Charts" */ = {
			isa = XCRemoteSwiftPackageReference;
			repositoryURL = "https://github.com/danielgindi/Charts.git";
			requirement = {
				branch = master;
				kind = branch;
			};
		};
/* End XCRemoteSwiftPackageReference section */

/* Begin XCSwiftPackageProductDependency section */
		C77B2A40292799000001BD14 /* Charts */ = {
			isa = XCSwiftPackageProductDependency;
			package = C77B2A3F292799000001BD14 /* XCRemoteSwiftPackageReference "Charts" */;
			productName = Charts;
		};
/* End XCSwiftPackageProductDependency section */

/* Begin XCVersionGroup section */
		C79338002902C50500251635 /* SimpleMoneyKeeper.xcdatamodeld */ = {
			isa = XCVersionGroup;
			children = (
				C79338012902C50500251635 /* SimpleMoneyKeeper.xcdatamodel */,
			);
			currentVersion = C79338012902C50500251635 /* SimpleMoneyKeeper.xcdatamodel */;
			path = SimpleMoneyKeeper.xcdatamodeld;
			sourceTree = "<group>";
			versionGroupType = wrapper.xcdatamodel;
		};
/* End XCVersionGroup section */
	};
	rootObject = C79337EC2902C50500251635 /* Project object */;
}
